Microsoft Visual Studio Solution File, Format Version 12.00
# Visual Studio 14
VisualStudioVersion = 14.0.25123.0
MinimumVisualStudioVersion = 10.0.40219.1
Project("{FAE04EC0-301F-11D3-BF4B-00C04F79EFBC}") = "Controladores", "Controladores\Controladores.csproj", "{E9C351EC-6506-4E58-8168-86EF47D0B9CF}"
EndProject
Project("{FAE04EC0-301F-11D3-BF4B-00C04F79EFBC}") = "Entidades", "Entidades\Entidades.csproj", "{6D4CA401-F5A6-4B2F-865B-EEE8B2730DAD}"
EndProject
Project("{FAE04EC0-301F-11D3-BF4B-00C04F79EFBC}") = "AccesoDatos", "AccesoDatos\AccesoDatos.csproj", "{1B116DAD-8226-4E2E-80C8-94914E031B4B}"
EndProject
Project("{FAE04EC0-301F-11D3-BF4B-00C04F79EFBC}") = "WebVentas_WebApp", "WebVentas_WebApp\WebVentas_WebApp.csproj", "{36CF13FF-CC18-4F91-A9AB-764B25DD095B}"
EndProject
Global
	GlobalSection(SolutionConfigurationPlatforms) = preSolution
		Debug|Any CPU = Debug|Any CPU
		Release|Any CPU = Release|Any CPU
	EndGlobalSection
	GlobalSection(ProjectConfigurationPlatforms) = postSolution
		{E9C351EC-6506-4E58-8168-86EF47D0B9CF}.Debug|Any CPU.ActiveCfg = Debug|Any CPU
		{E9C351EC-6506-4E58-8168-86EF47D0B9CF}.Debug|Any CPU.Build.0 = Debug|Any CPU
		{E9C351EC-6506-4E58-8168-86EF47D0B9CF}.Release|Any CPU.ActiveCfg = Release|Any CPU
		{E9C351EC-6506-4E58-8168-86EF47D0B9CF}.Release|Any CPU.Build.0 = Release|Any CPU
		{6D4CA401-F5A6-4B2F-865B-EEE8B2730DAD}.Debug|Any CPU.ActiveCfg = Debug|Any CPU
		{6D4CA401-F5A6-4B2F-865B-EEE8B2730DAD}.Debug|Any CPU.Build.0 = Debug|Any CPU
		{6D4CA401-F5A6-4B2F-865B-EEE8B2730DAD}.Release|Any CPU.ActiveCfg = Release|Any CPU
		{6D4CA401-F5A6-4B2F-865B-EEE8B2730DAD}.Release|Any CPU.Build.0 = Release|Any CPU
		{1B116DAD-8226-4E2E-80C8-94914E031B4B}.Debug|Any CPU.ActiveCfg = Debug|Any CPU
		{1B116DAD-8226-4E2E-80C8-94914E031B4B}.Debug|Any CPU.Build.0 = Debug|Any CPU
		{1B116DAD-8226-4E2E-80C8-94914E031B4B}.Release|Any CPU.ActiveCfg = Release|Any CPU
		{1B116DAD-8226-4E2E-80C8-94914E031B4B}.Release|Any CPU.Build.0 = Release|Any CPU
		{36CF13FF-CC18-4F91-A9AB-764B25DD095B}.Debug|Any CPU.ActiveCfg = Debug|Any CPU
		{36CF13FF-CC18-4F91-A9AB-764B25DD095B}.Debug|Any CPU.Build.0 = Debug|Any CPU
		{36CF13FF-CC18-4F91-A9AB-764B25DD095B}.Release|Any CPU.ActiveCfg = Release|Any CPU
		{36CF13FF-CC18-4F91-A9AB-764B25DD095B}.Release|Any CPU.Build.0 = Release|Any CPU
	EndGlobalSection
	GlobalSection(SolutionProperties) = preSolution
		HideSolutionNode = FALSE
	EndGlobalSection
EndGlobal
